
Microsoft Visual Studio Solution File, Format Version 12.00
# Visual Studio Version 17
VisualStudioVersion = 17.1.32319.34
MinimumVisualStudioVersion = 10.0.40219.1
Project("{FAE04EC0-301F-11D3-BF4B-00C04F79EFBC}") = "BlazorDemoUI", "BlazorDemoUI\BlazorDemoUI.csproj", "{442C102C-7FB2-47B7-9DCC-681EDB73CAC4}"
EndProject
Project("{FAE04EC0-301F-11D3-BF4B-00C04F79EFBC}") = "DataAccessLibrary", "DataAccessLibrary\DataAccessLibrary.csproj", "{F17C5C86-1754-4FC0-BE3B-0005FE4DE176}"
EndProject
Global
	GlobalSection(SolutionConfigurationPlatforms) = preSolution
		Debug|Any CPU = Debug|Any CPU
		Release|Any CPU = Release|Any CPU
	EndGlobalSection
	GlobalSection(ProjectConfigurationPlatforms) = postSolution
		{442C102C-7FB2-47B7-9DCC-681EDB73CAC4}.Debug|Any CPU.ActiveCfg = Debug|Any CPU
		{442C102C-7FB2-47B7-9DCC-681EDB73CAC4}.Debug|Any CPU.Build.0 = Debug|Any CPU
		{442C102C-7FB2-47B7-9DCC-681EDB73CAC4}.Release|Any CPU.ActiveCfg = Release|Any CPU
		{442C102C-7FB2-47B7-9DCC-681EDB73CAC4}.Release|Any CPU.Build.0 = Release|Any CPU
		{F17C5C86-1754-4FC0-BE3B-0005FE4DE176}.Debug|Any CPU.ActiveCfg = Debug|Any CPU
		{F17C5C86-1754-4FC0-BE3B-0005FE4DE176}.Debug|Any CPU.Build.0 = Debug|Any CPU
		{F17C5C86-1754-4FC0-BE3B-0005FE4DE176}.Release|Any CPU.ActiveCfg = Release|Any CPU
		{F17C5C86-1754-4FC0-BE3B-0005FE4DE176}.Release|Any CPU.Build.0 = Release|Any CPU
	EndGlobalSection
	GlobalSection(SolutionProperties) = preSolution
		HideSolutionNode = FALSE
	EndGlobalSection
	GlobalSection(ExtensibilityGlobals) = postSolution
		SolutionGuid = {A6043A12-0E9C-49E1-AF9F-BA69399D9DCD}
	EndGlobalSection
EndGlobal
